
Microsoft Visual Studio Solution File, Format Version 12.00
# Visual Studio Version 17
VisualStudioVersion = 17.5.33516.290
MinimumVisualStudioVersion = 10.0.40219.1
Project("{2150E333-8FDC-42A3-9474-1A3956D46DE8}") = "Elementi di soluzione", "Elementi di soluzione", "{C068A201-2716-4536-BE73-51ED1DF59BF5}"
	ProjectSection(SolutionItems) = preProject
		.gitignore = .gitignore
	EndProjectSection
EndProject
Project("{9A19103F-16F7-4668-BE54-9A1E7A4F7556}") = "TimeSeriesForecasting", "TimeSeriesForecasting\TimeSeriesForecasting.csproj", "{E4CB5774-3E52-4A37-942C-46D0DE789D55}"
EndProject
Project("{9A19103F-16F7-4668-BE54-9A1E7A4F7556}") = "TimeSeriesForecasting.IO", "TimeSeriesForecasting.IO\TimeSeriesForecasting.IO.csproj", "{77B37F98-F978-4453-B976-B2EAFC22B6AA}"
EndProject
Project("{FAE04EC0-301F-11D3-BF4B-00C04F79EFBC}") = "TimeSeriesForecasting.NeuralNetwork", "TimeSeriesForecasting.NeuralNetwork\TimeSeriesForecasting.NeuralNetwork.csproj", "{70F71822-582B-4F85-AA5A-9CBFCEA6F067}"
EndProject
Global
	GlobalSection(SolutionConfigurationPlatforms) = preSolution
		Debug|Any CPU = Debug|Any CPU
		Release|Any CPU = Release|Any CPU
	EndGlobalSection
	GlobalSection(ProjectConfigurationPlatforms) = postSolution
		{E4CB5774-3E52-4A37-942C-46D0DE789D55}.Debug|Any CPU.ActiveCfg = Debug|Any CPU
		{E4CB5774-3E52-4A37-942C-46D0DE789D55}.Debug|Any CPU.Build.0 = Debug|Any CPU
		{E4CB5774-3E52-4A37-942C-46D0DE789D55}.Release|Any CPU.ActiveCfg = Release|Any CPU
		{E4CB5774-3E52-4A37-942C-46D0DE789D55}.Release|Any CPU.Build.0 = Release|Any CPU
		{77B37F98-F978-4453-B976-B2EAFC22B6AA}.Debug|Any CPU.ActiveCfg = Debug|Any CPU
		{77B37F98-F978-4453-B976-B2EAFC22B6AA}.Debug|Any CPU.Build.0 = Debug|Any CPU
		{77B37F98-F978-4453-B976-B2EAFC22B6AA}.Release|Any CPU.ActiveCfg = Release|Any CPU
		{77B37F98-F978-4453-B976-B2EAFC22B6AA}.Release|Any CPU.Build.0 = Release|Any CPU
		{70F71822-582B-4F85-AA5A-9CBFCEA6F067}.Debug|Any CPU.ActiveCfg = Debug|Any CPU
		{70F71822-582B-4F85-AA5A-9CBFCEA6F067}.Debug|Any CPU.Build.0 = Debug|Any CPU
		{70F71822-582B-4F85-AA5A-9CBFCEA6F067}.Release|Any CPU.ActiveCfg = Release|Any CPU
		{70F71822-582B-4F85-AA5A-9CBFCEA6F067}.Release|Any CPU.Build.0 = Release|Any CPU
	EndGlobalSection
	GlobalSection(SolutionProperties) = preSolution
		HideSolutionNode = FALSE
	EndGlobalSection
	GlobalSection(ExtensibilityGlobals) = postSolution
		SolutionGuid = {D21BEC22-5A10-4F7E-9EC8-841D84975F00}
	EndGlobalSection
EndGlobal
